
Microsoft Visual Studio Solution File, Format Version 12.00
# Visual Studio Version 16
VisualStudioVersion = 16.0.28803.452
MinimumVisualStudioVersion = 10.0.40219.1
Project("{FAE04EC0-301F-11D3-BF4B-00C04F79EFBC}") = "GrandoLib", "GrandoLib.csproj", "{79D6B052-76DF-45C9-8577-000627893A42}"
EndProject
Global
	GlobalSection(SolutionConfigurationPlatforms) = preSolution
		Debug|Any CPU = Debug|Any CPU
		Release|Any CPU = Release|Any CPU
	EndGlobalSection
	GlobalSection(ProjectConfigurationPlatforms) = postSolution
		{79D6B052-76DF-45C9-8577-000627893A42}.Debug|Any CPU.ActiveCfg = Debug|Any CPU
		{79D6B052-76DF-45C9-8577-000627893A42}.Debug|Any CPU.Build.0 = Debug|Any CPU
		{79D6B052-76DF-45C9-8577-000627893A42}.Release|Any CPU.ActiveCfg = Release|Any CPU
		{79D6B052-76DF-45C9-8577-000627893A42}.Release|Any CPU.Build.0 = Release|Any CPU
	EndGlobalSection
	GlobalSection(SolutionProperties) = preSolution
		HideSolutionNode = FALSE
	EndGlobalSection
	GlobalSection(ExtensibilityGlobals) = postSolution
		SolutionGuid = {7580E319-5A32-4DFC-A75B-76F67028BCCD}
	EndGlobalSection
EndGlobal
